
Microsoft Visual Studio Solution File, Format Version 12.00
# Visual Studio Version 17
VisualStudioVersion = 17.0.31903.59
MinimumVisualStudioVersion = 10.0.40219.1
Project("{2150E333-8FDC-42A3-9474-1A3956D46DE8}") = "src", "src", "{A89C4132-86AA-4DBA-9AF1-2790B7B8FE3B}"
EndProject
Project("{FAE04EC0-301F-11D3-BF4B-00C04F79EFBC}") = "Newslatter.Api", "src\Newslatter.Api\Newslatter.Api.csproj", "{F29920DF-32B5-4535-B242-766523865911}"
EndProject
Global
	GlobalSection(SolutionConfigurationPlatforms) = preSolution
		Debug|Any CPU = Debug|Any CPU
		Release|Any CPU = Release|Any CPU
	EndGlobalSection
	GlobalSection(SolutionProperties) = preSolution
		HideSolutionNode = FALSE
	EndGlobalSection
	GlobalSection(ProjectConfigurationPlatforms) = postSolution
		{F29920DF-32B5-4535-B242-766523865911}.Debug|Any CPU.ActiveCfg = Debug|Any CPU
		{F29920DF-32B5-4535-B242-766523865911}.Debug|Any CPU.Build.0 = Debug|Any CPU
		{F29920DF-32B5-4535-B242-766523865911}.Release|Any CPU.ActiveCfg = Release|Any CPU
		{F29920DF-32B5-4535-B242-766523865911}.Release|Any CPU.Build.0 = Release|Any CPU
	EndGlobalSection
	GlobalSection(NestedProjects) = preSolution
		{F29920DF-32B5-4535-B242-766523865911} = {A89C4132-86AA-4DBA-9AF1-2790B7B8FE3B}
	EndGlobalSection
EndGlobal
